
Microsoft Visual Studio Solution File, Format Version 12.00
# Visual Studio Version 16
VisualStudioVersion = 16.0.32510.428
MinimumVisualStudioVersion = 10.0.40219.1
Project("{8BC9CEB8-8B4A-11D0-8D11-00A0C91BC942}") = "Snake1", "Snake1\Snake1.vcxproj", "{FC16360F-8187-49EB-89A4-706FFA6CF638}"
EndProject
Project("{8BC9CEB8-8B4A-11D0-8D11-00A0C91BC942}") = "Snake2", "Snake2\Snake2.vcxproj", "{1A86C242-8600-419B-9FC2-6FCCFB661214}"
EndProject
Project("{8BC9CEB8-8B4A-11D0-8D11-00A0C91BC942}") = "Snake3", "Snake3\Snake3.vcxproj", "{D6BC29C1-0ABB-4A6D-97FD-E3904772B7F7}"
EndProject
Project("{8BC9CEB8-8B4A-11D0-8D11-00A0C91BC942}") = "Snake4", "Snake4\Snake4.vcxproj", "{BD251DFA-FF2E-4655-B196-D3934A5CA049}"
EndProject
Project("{8BC9CEB8-8B4A-11D0-8D11-00A0C91BC942}") = "Snake5", "Snake5\Snake5.vcxproj", "{39559187-36F2-4D1D-AEF3-C386848F1865}"
EndProject
Project("{8BC9CEB8-8B4A-11D0-8D11-00A0C91BC942}") = "Snake6", "Snake6\Snake6.vcxproj", "{E37A7C84-CCB0-4357-9FBC-8BBC17393039}"
EndProject
Project("{8BC9CEB8-8B4A-11D0-8D11-00A0C91BC942}") = "Snake7", "Snake7\Snake7.vcxproj", "{5E7967F8-D190-48A3-BAD6-53C89CCAB8BB}"
EndProject
Project("{8BC9CEB8-8B4A-11D0-8D11-00A0C91BC942}") = "Snake8", "Snake8\Snake8.vcxproj", "{273A0636-497E-445F-9404-FD876F9EF713}"
EndProject
Project("{8BC9CEB8-8B4A-11D0-8D11-00A0C91BC942}") = "Snake9", "Snake9\Snake9.vcxproj", "{A9D1C343-5E12-46B7-9ADC-EB9B9178398C}"
EndProject
Project("{8BC9CEB8-8B4A-11D0-8D11-00A0C91BC942}") = "Snake10", "Snake10\Snake10.vcxproj", "{2A5ED71B-C5BA-4AA0-A83A-678A7809834F}"
EndProject
Global
	GlobalSection(SolutionConfigurationPlatforms) = preSolution
		Debug|x64 = Debug|x64
		Debug|x86 = Debug|x86
		Release|x64 = Release|x64
		Release|x86 = Release|x86
	EndGlobalSection
	GlobalSection(ProjectConfigurationPlatforms) = postSolution
		{FC16360F-8187-49EB-89A4-706FFA6CF638}.Debug|x64.ActiveCfg = Debug|x64
		{FC16360F-8187-49EB-89A4-706FFA6CF638}.Debug|x64.Build.0 = Debug|x64
		{FC16360F-8187-49EB-89A4-706FFA6CF638}.Debug|x86.ActiveCfg = Debug|Win32
		{FC16360F-8187-49EB-89A4-706FFA6CF638}.Debug|x86.Build.0 = Debug|Win32
		{FC16360F-8187-49EB-89A4-706FFA6CF638}.Release|x64.ActiveCfg = Release|x64
		{FC16360F-8187-49EB-89A4-706FFA6CF638}.Release|x64.Build.0 = Release|x64
		{FC16360F-8187-49EB-89A4-706FFA6CF638}.Release|x86.ActiveCfg = Release|Win32
		{FC16360F-8187-49EB-89A4-706FFA6CF638}.Release|x86.Build.0 = Release|Win32
		{1A86C242-8600-419B-9FC2-6FCCFB661214}.Debug|x64.ActiveCfg = Debug|x64
		{1A86C242-8600-419B-9FC2-6FCCFB661214}.Debug|x64.Build.0 = Debug|x64
		{1A86C242-8600-419B-9FC2-6FCCFB661214}.Debug|x86.ActiveCfg = Debug|Win32
		{1A86C242-8600-419B-9FC2-6FCCFB661214}.Debug|x86.Build.0 = Debug|Win32
		{1A86C242-8600-419B-9FC2-6FCCFB661214}.Release|x64.ActiveCfg = Release|x64
		{1A86C242-8600-419B-9FC2-6FCCFB661214}.Release|x64.Build.0 = Release|x64
		{1A86C242-8600-419B-9FC2-6FCCFB661214}.Release|x86.ActiveCfg = Release|Win32
		{1A86C242-8600-419B-9FC2-6FCCFB661214}.Release|x86.Build.0 = Release|Win32
		{D6BC29C1-0ABB-4A6D-97FD-E3904772B7F7}.Debug|x64.ActiveCfg = Debug|x64
		{D6BC29C1-0ABB-4A6D-97FD-E3904772B7F7}.Debug|x64.Build.0 = Debug|x64
		{D6BC29C1-0ABB-4A6D-97FD-E3904772B7F7}.Debug|x86.ActiveCfg = Debug|Win32
		{D6BC29C1-0ABB-4A6D-97FD-E3904772B7F7}.Debug|x86.Build.0 = Debug|Win32
		{D6BC29C1-0ABB-4A6D-97FD-E3904772B7F7}.Release|x64.ActiveCfg = Release|x64
		{D6BC29C1-0ABB-4A6D-97FD-E3904772B7F7}.Release|x64.Build.0 = Release|x64
		{D6BC29C1-0ABB-4A6D-97FD-E3904772B7F7}.Release|x86.ActiveCfg = Release|Win32
		{D6BC29C1-0ABB-4A6D-97FD-E3904772B7F7}.Release|x86.Build.0 = Release|Win32
		{BD251DFA-FF2E-4655-B196-D3934A5CA049}.Debug|x64.ActiveCfg = Debug|x64
		{BD251DFA-FF2E-4655-B196-D3934A5CA049}.Debug|x64.Build.0 = Debug|x64
		{BD251DFA-FF2E-4655-B196-D3934A5CA049}.Debug|x86.ActiveCfg = Debug|Win32
		{BD251DFA-FF2E-4655-B196-D3934A5CA049}.Debug|x86.Build.0 = Debug|Win32
		{BD251DFA-FF2E-4655-B196-D3934A5CA049}.Release|x64.ActiveCfg = Release|x64
		{BD251DFA-FF2E-4655-B196-D3934A5CA049}.Release|x64.Build.0 = Release|x64
		{BD251DFA-FF2E-4655-B196-D3934A5CA049}.Release|x86.ActiveCfg = Release|Win32
		{BD251DFA-FF2E-4655-B196-D3934A5CA049}.Release|x86.Build.0 = Release|Win32
		{39559187-36F2-4D1D-AEF3-C386848F1865}.Debug|x64.ActiveCfg = Debug|x64
		{39559187-36F2-4D1D-AEF3-C386848F1865}.Debug|x64.Build.0 = Debug|x64
		{39559187-36F2-4D1D-AEF3-C386848F1865}.Debug|x86.ActiveCfg = Debug|Win32
		{39559187-36F2-4D1D-AEF3-C386848F1865}.Debug|x86.Build.0 = Debug|Win32
		{39559187-36F2-4D1D-AEF3-C386848F1865}.Release|x64.ActiveCfg = Release|x64
		{39559187-36F2-4D1D-AEF3-C386848F1865}.Release|x64.Build.0 = Release|x64
		{39559187-36F2-4D1D-AEF3-C386848F1865}.Release|x86.ActiveCfg = Release|Win32
		{39559187-36F2-4D1D-AEF3-C386848F1865}.Release|x86.Build.0 = Release|Win32
		{E37A7C84-CCB0-4357-9FBC-8BBC17393039}.Debug|x64.ActiveCfg = Debug|x64
		{E37A7C84-CCB0-4357-9FBC-8BBC17393039}.Debug|x64.Build.0 = Debug|x64
		{E37A7C84-CCB0-4357-9FBC-8BBC17393039}.Debug|x86.ActiveCfg = Debug|Win32
		{E37A7C84-CCB0-4357-9FBC-8BBC17393039}.Debug|x86.Build.0 = Debug|Win32
		{E37A7C84-CCB0-4357-9FBC-8BBC17393039}.Release|x64.ActiveCfg = Release|x64
		{E37A7C84-CCB0-4357-9FBC-8BBC17393039}.Release|x64.Build.0 = Release|x64
		{E37A7C84-CCB0-4357-9FBC-8BBC17393039}.Release|x86.ActiveCfg = Release|Win32
		{E37A7C84-CCB0-4357-9FBC-8BBC17393039}.Release|x86.Build.0 = Release|Win32
		{5E7967F8-D190-48A3-BAD6-53C89CCAB8BB}.Debug|x64.ActiveCfg = Debug|x64
		{5E7967F8-D190-48A3-BAD6-53C89CCAB8BB}.Debug|x64.Build.0 = Debug|x64
		{5E7967F8-D190-48A3-BAD6-53C89CCAB8BB}.Debug|x86.ActiveCfg = Debug|Win32
		{5E7967F8-D190-48A3-BAD6-53C89CCAB8BB}.Debug|x86.Build.0 = Debug|Win32
		{5E7967F8-D190-48A3-BAD6-53C89CCAB8BB}.Release|x64.ActiveCfg = Release|x64
		{5E7967F8-D190-48A3-BAD6-53C89CCAB8BB}.Release|x64.Build.0 = Release|x64
		{5E7967F8-D190-48A3-BAD6-53C89CCAB8BB}.Release|x86.ActiveCfg = Release|Win32
		{5E7967F8-D190-48A3-BAD6-53C89CCAB8BB}.Release|x86.Build.0 = Release|Win32
		{273A0636-497E-445F-9404-FD876F9EF713}.Debug|x64.ActiveCfg = Debug|x64
		{273A0636-497E-445F-9404-FD876F9EF713}.Debug|x64.Build.0 = Debug|x64
		{273A0636-497E-445F-9404-FD876F9EF713}.Debug|x86.ActiveCfg = Debug|Win32
		{273A0636-497E-445F-9404-FD876F9EF713}.Debug|x86.Build.0 = Debug|Win32
		{273A0636-497E-445F-9404-FD876F9EF713}.Release|x64.ActiveCfg = Release|x64
		{273A0636-497E-445F-9404-FD876F9EF713}.Release|x64.Build.0 = Release|x64
		{273A0636-497E-445F-9404-FD876F9EF713}.Release|x86.ActiveCfg = Release|Win32
		{273A0636-497E-445F-9404-FD876F9EF713}.Release|x86.Build.0 = Release|Win32
		{A9D1C343-5E12-46B7-9ADC-EB9B9178398C}.Debug|x64.ActiveCfg = Debug|x64
		{A9D1C343-5E12-46B7-9ADC-EB9B9178398C}.Debug|x64.Build.0 = Debug|x64
		{A9D1C343-5E12-46B7-9ADC-EB9B9178398C}.Debug|x86.ActiveCfg = Debug|Win32
		{A9D1C343-5E12-46B7-9ADC-EB9B9178398C}.Debug|x86.Build.0 = Debug|Win32
		{A9D1C343-5E12-46B7-9ADC-EB9B9178398C}.Release|x64.ActiveCfg = Release|x64
		{A9D1C343-5E12-46B7-9ADC-EB9B9178398C}.Release|x64.Build.0 = Release|x64
		{A9D1C343-5E12-46B7-9ADC-EB9B9178398C}.Release|x86.ActiveCfg = Release|Win32
		{A9D1C343-5E12-46B7-9ADC-EB9B9178398C}.Release|x86.Build.0 = Release|Win32
		{2A5ED71B-C5BA-4AA0-A83A-678A7809834F}.Debug|x64.ActiveCfg = Debug|x64
		{2A5ED71B-C5BA-4AA0-A83A-678A7809834F}.Debug|x64.Build.0 = Debug|x64
		{2A5ED71B-C5BA-4AA0-A83A-678A7809834F}.Debug|x86.ActiveCfg = Debug|Win32
		{2A5ED71B-C5BA-4AA0-A83A-678A7809834F}.Debug|x86.Build.0 = Debug|Win32
		{2A5ED71B-C5BA-4AA0-A83A-678A7809834F}.Release|x64.ActiveCfg = Release|x64
		{2A5ED71B-C5BA-4AA0-A83A-678A7809834F}.Release|x64.Build.0 = Release|x64
		{2A5ED71B-C5BA-4AA0-A83A-678A7809834F}.Release|x86.ActiveCfg = Release|Win32
		{2A5ED71B-C5BA-4AA0-A83A-678A7809834F}.Release|x86.Build.0 = Release|Win32
	EndGlobalSection
	GlobalSection(SolutionProperties) = preSolution
		HideSolutionNode = FALSE
	EndGlobalSection
	GlobalSection(ExtensibilityGlobals) = postSolution
		SolutionGuid = {CDDA5D16-E16E-40B7-925E-B746AEF75490}
	EndGlobalSection
EndGlobal
